{
    "_meta": {
        "hash": {
            "sha256": "377d2003230f030342221e858e9f2d30e502c4d3ee9c4f9524ad97915370b8cf"
        },
        "pipfile-spec": 6,
        "requires": {
            "python_version": "3.11"
        },
        "sources": [
            {
                "name": "pypi",
                "url": "https://pypi.org/simple",
                "verify_ssl": true
            }
        ]
    },
    "default": {
        "altgraph": {
            "hashes": [
                "sha256:1b5afbb98f6c4dcadb2e2ae6ab9fa994bbb8c1d75f4fa96d340f9437ae454406",
                "sha256:642743b4750de17e655e6711601b077bc6598dbfa3ba5fa2b2a35ce12b508dff"
            ],
            "version": "==0.17.4"
        },
        "fake-useragent": {
            "hashes": [
                "sha256:0b3a223b4c03e3df46b0e9ff53ad26cf4690f68871396b9c59a7fa6ee830c395",
                "sha256:73cee1d10bcd1deb25a15e916f6674c537d2d9088ecb4d7af98c2619f83827d1"
            ],
            "index": "pypi",
            "version": "==1.3.0"
        },
        "packaging": {
            "hashes": [
                "sha256:048fb0e9405036518eaaf48a55953c750c11e1a1b68e0dd1a9d62ed0c092cfc5",
                "sha256:8c491190033a9af7e1d931d0b5dacc2ef47509b34dd0de67ed209b5203fc88c7"
            ],
            "markers": "python_version >= '3.7'",
            "version": "==23.2"
        },
        "pefile": {
            "hashes": [
                "sha256:82e6114004b3d6911c77c3953e3838654b04511b8b66e8583db70c65998017dc",
                "sha256:da185cd2af68c08a6cd4481f7325ed600a88f6a813bad9dea07ab3ef73d8d8d6"
            ],
            "markers": "sys_platform == 'win32'",
            "version": "==2023.2.7"
        },
        "pyinstaller": {
            "hashes": [
                "sha256:0ad7cc3776ca17d0bededcc352cba2b1c89eb4817bfabaf05972b9da8c424935",
                "sha256:16a473065291dd7879bf596fa20e65bd9d1e8aafc2cef1bffa3e42e707e2e68e",
                "sha256:438a9e0d72a57d5bba4f112d256e39ea4033c76c65414c0693d8311faa14b090",
                "sha256:4a75bde5cda259bb31f2294960d75b9d5c148001b2b0bd20a91f9c2116675a6c",
                "sha256:52e5b3a2371d7231de17515c7c78d8d4a39d70c8c095e71d55b3b83434a193a8",
                "sha256:5314f6f08d2bcbc031778618ba97d9098d106119c2e616b3b081171fe42f5415",
                "sha256:68769f5e6722474bb1038e35560444659db8b951388bfe0c669bb52a640cd0eb",
                "sha256:aa922d1d73881d0820a341d2c406a571cc94630bdcdc275427c844a12e6e376e",
                "sha256:cccdad6cfe7a5db7d7eb8df2e5678f8375268739d5933214e180da300aa54e37",
                "sha256:d702cff041f30e7a53500b630e07b081e5328d4655023319253d73935e75ade2",
                "sha256:d84b06fb9002109bfc542e76860b81459a8585af0bbdabcfc5dcf272ef230de7",
                "sha256:fb6af82989dac7c58bd25ed9ba3323bc443f8c1f03804f69c9f5e363bf4a021c"
            ],
            "index": "pypi",
            "markers": "python_version < '3.13' and python_version >= '3.8'",
            "version": "==6.0.0"
        },
        "pyinstaller-hooks-contrib": {
            "hashes": [
                "sha256:76084b5988e3957a9df169d2a935d65500136967e710ddebf57263f1a909cd80",
                "sha256:f34f4c6807210025c8073ebe665f422a3aa2ac5f4c7ebf4c2a26cc77bebf63b5"
            ],
            "markers": "python_version >= '3.7'",
            "version": "==2023.9"
        },
        "pywin32-ctypes": {
            "hashes": [
                "sha256:3426e063bdd5fd4df74a14fa3cf80a0b42845a87e1d1e81f6549f9daec593a60",
                "sha256:bf490a1a709baf35d688fe0ecf980ed4de11d2b3e37b51e5442587a75d9957e7"
            ],
            "markers": "sys_platform == 'win32'",
            "version": "==0.2.2"
        },
        "setuptools": {
            "hashes": [
                "sha256:4ac1475276d2f1c48684874089fefcd83bd7162ddaafb81fac866ba0db282a87",
                "sha256:b454a35605876da60632df1a60f736524eb73cc47bbc9f3f1ef1b644de74fd2a"
            ],
            "markers": "python_version >= '3.8'",
            "version": "==68.2.2"
        }
    },
    "develop": {}
}
